{"format_version":"1.0","provider_schemas":{"registry.terraform.io/rework-space-com/freeipa":{"provider":{"version":0,"block":{"attributes":{"ca_certificate":{"type":"string","description":"Path to the server's SSL CA certificate","description_kind":"markdown","optional":true},"host":{"type":"string","description":"The FreeIPA host","description_kind":"markdown","optional":true},"insecure":{"type":"bool","description":"Whether to verify the server's SSL certificate","description_kind":"markdown","optional":true},"password":{"type":"string","description":"Password to use for connection","description_kind":"markdown","optional":true,"sensitive":true},"username":{"type":"string","description":"Username to use for connection","description_kind":"markdown","optional":true}},"description_kind":"plain"}},"resource_schemas":{"freeipa_automemberadd":{"version":0,"block":{"attributes":{"addattr":{"type":["list","string"],"description":"Add an attribute/value pair. Format is attr=value. The attribute must be part of the schema.","description_kind":"markdown","optional":true},"description":{"type":"string","description":"Automember rule description","description_kind":"markdown","optional":true},"id":{"type":"string","description":"ID of the resource","description_kind":"markdown","computed":true},"name":{"type":"string","description":"Automember rule name","description_kind":"markdown","required":true},"setattr":{"type":["list","string"],"description":"Set an attribute to a name/value pair. Format is attr=value.","description_kind":"markdown","optional":true},"type":{"type":"string","description":"Automember rule type","description_kind":"markdown","required":true}},"description":"FreeIPA Automember resource","description_kind":"markdown"}},"freeipa_automemberadd_condition":{"version":0,"block":{"attributes":{"description":{"type":"string","description":"Automember rule condition description","description_kind":"markdown","required":true},"exclusiveregex":{"type":["list","string"],"description":"Regex expression for values that should be excluded.","description_kind":"markdown","optional":true},"id":{"type":"string","description":"ID of the resource","description_kind":"markdown","computed":true},"inclusiveregex":{"type":["list","string"],"description":"Regex expression for values that should be included.","description_kind":"markdown","optional":true},"key":{"type":"string","description":"Automember rule condition key","description_kind":"markdown","required":true},"name":{"type":"string","description":"Automember rule condition name","description_kind":"markdown","required":true},"type":{"type":"string","description":"Automember rule condition type","description_kind":"markdown","required":true}},"description":"FreeIPA Automember conditionresource","description_kind":"markdown"}},"freeipa_dns_record":{"version":0,"block":{"attributes":{"id":{"type":"string","description":"ID of the resource","description_kind":"markdown","computed":true},"name":{"type":"string","description":"Record name","description_kind":"markdown","required":true},"records":{"type":["list","string"],"description":"A string list of records","description_kind":"markdown","required":true},"set_identifier":{"type":"string","description":"Unique identifier to differentiate records with routing policies from one another","description_kind":"markdown","optional":true},"ttl":{"type":"number","description":"Time to live","description_kind":"markdown","optional":true},"type":{"type":"string","description":"The record type (A, AAAA, CNAME, MX, PTR, SRV, TXT, SSHP)","description_kind":"markdown","required":true},"zone_name":{"type":"string","description":"Zone name (FQDN)","description_kind":"markdown","required":true}},"description":"FreeIPA DNS Record resource","description_kind":"markdown"}},"freeipa_dns_zone":{"version":0,"block":{"attributes":{"admin_email_address":{"type":"string","description":"Administrator e-mail address","description_kind":"markdown","optional":true},"allow_inline_dnssec_signing":{"type":"bool","description":"Allow inline DNSSEC signing of records in the zone","description_kind":"markdown","optional":true,"computed":true},"allow_prt_sync":{"type":"bool","description":"Allow synchronization of forward (A, AAAA) and reverse (PTR) records in the zone","description_kind":"markdown","optional":true,"computed":true},"allow_query":{"type":"string","description":"Semicolon separated list of IP addresses or networks which are allowed to issue queries","description_kind":"markdown","optional":true,"computed":true},"allow_transfer":{"type":"string","description":"Semicolon separated list of IP addresses or networks which are allowed to transfer the zone","description_kind":"markdown","optional":true,"computed":true},"authoritative_nameserver":{"type":"string","description":"Authoritative nameserver domain name","description_kind":"markdown","optional":true},"bind_update_policy":{"type":"string","description":"BIND update policy","description_kind":"markdown","optional":true},"computed_zone_name":{"type":"string","description":"Real zone name compatible with ARPA (ie: `domain.tld.`)","description_kind":"markdown","computed":true},"default_ttl":{"type":"number","description":"Time to live for records without explicit TTL definition","description_kind":"markdown","optional":true},"disable_zone":{"type":"bool","description":"Allow disabled the zone","description_kind":"markdown","optional":true,"computed":true},"dynamic_updates":{"type":"bool","description":"Allow dynamic updates","description_kind":"markdown","optional":true,"computed":true},"id":{"type":"string","description":"ID of the resource","description_kind":"markdown","computed":true},"is_reverse_zone":{"type":"bool","description":"Allow create the reverse zone","description_kind":"markdown","optional":true,"computed":true},"nsec3param_record":{"type":"string","description":"NSEC3PARAM record for zone in format: hash_algorithm flags iterations salt","description_kind":"markdown","optional":true},"skip_nameserver_check":{"type":"bool","description":"Force DNS zone creation even if nameserver is not resolvable","description_kind":"markdown","optional":true,"computed":true},"skip_overlap_check":{"type":"bool","description":"Force DNS zone creation even if it will overlap with an existing zone","description_kind":"markdown","optional":true,"computed":true},"soa_expire":{"type":"number","description":"SOA record expire time","description_kind":"markdown","optional":true,"computed":true},"soa_minimum":{"type":"number","description":"How long should negative responses be cached","description_kind":"markdown","optional":true,"computed":true},"soa_refresh":{"type":"number","description":"SOA record refresh time","description_kind":"markdown","optional":true,"computed":true},"soa_retry":{"type":"number","description":"SOA record retry time","description_kind":"markdown","optional":true,"computed":true},"ttl":{"type":"number","description":"Time to live for records at zone apex","description_kind":"markdown","optional":true},"zone_forwarders":{"type":["list","string"],"description":"Per-zone forwarders. A custom port can be specified for each forwarder using a standard format IP_ADDRESS port PORT","description_kind":"markdown","optional":true},"zone_name":{"type":"string","description":"Zone name (FQDN)","description_kind":"markdown","required":true}},"description":"FreeIPA DNS Zone resource","description_kind":"markdown"}},"freeipa_group":{"version":0,"block":{"attributes":{"addattr":{"type":["list","string"],"description":"Add an attribute/value pair. Format is attr=value. The attribute must be part of the schema.","description_kind":"markdown","optional":true},"description":{"type":"string","description":"Group Description","description_kind":"markdown","optional":true},"external":{"type":"bool","description":"Allow adding external non-IPA members from trusted domains","description_kind":"markdown","optional":true,"computed":true},"gid_number":{"type":"number","description":"GID (use this option to set it manually)","description_kind":"markdown","optional":true},"id":{"type":"string","description":"ID of the resource","description_kind":"markdown","computed":true},"name":{"type":"string","description":"Group name","description_kind":"markdown","required":true},"nonposix":{"type":"bool","description":"Create as a non-POSIX group","description_kind":"markdown","optional":true,"computed":true},"setattr":{"type":["list","string"],"description":"Set an attribute to a name/value pair. Format is attr=value.","description_kind":"markdown","optional":true}},"description":"FreeIPA User Group resource","description_kind":"markdown"}},"freeipa_hbac_policy":{"version":0,"block":{"attributes":{"description":{"type":"string","description":"HBAC policy description","description_kind":"markdown","optional":true},"enabled":{"type":"bool","description":"Enable this hbac policy","description_kind":"markdown","optional":true,"computed":true},"hostcategory":{"type":"string","description":"Host category the hbac policy is applied to (allowed value: all)","description_kind":"markdown","optional":true},"id":{"type":"string","description":"ID of the resource","description_kind":"markdown","computed":true},"name":{"type":"string","description":"Name of the hbac policy","description_kind":"markdown","required":true},"servicecategory":{"type":"string","description":"Service category the hbac policy is applied to (allowed value: all)","description_kind":"markdown","optional":true},"usercategory":{"type":"string","description":"User category the hbac policy is applied to (allowed value: all)","description_kind":"markdown","optional":true}},"description":"FreeIPA HBAC policy resource","description_kind":"markdown"}},"freeipa_hbac_policy_host_membership":{"version":0,"block":{"attributes":{"host":{"type":"string","description":"**deprecated** Host to add to the HBAC policy","description_kind":"markdown","deprecated":true,"optional":true},"hostgroup":{"type":"string","description":"**deprecated** Hostgroup to add to the HBAC policy","description_kind":"markdown","deprecated":true,"optional":true},"hostgroups":{"type":["list","string"],"description":"List of hostgroups to add to the HBAC policy","description_kind":"markdown","optional":true},"hosts":{"type":["list","string"],"description":"List of hosts to add to the HBAC policy","description_kind":"markdown","optional":true},"id":{"type":"string","description":"ID of the resource","description_kind":"markdown","computed":true},"identifier":{"type":"string","description":"Unique identifier to differentiate multiple HBAC policy host membership resources on the same HBAC policy. Manadatory for using hosts/hostgroups configurations.","description_kind":"markdown","optional":true},"name":{"type":"string","description":"HBAC policy name","description_kind":"markdown","required":true}},"description":"FreeIPA HBAC policy host membership resource","description_kind":"markdown"}},"freeipa_hbac_policy_service_membership":{"version":0,"block":{"attributes":{"id":{"type":"string","description":"ID of the resource","description_kind":"markdown","computed":true},"identifier":{"type":"string","description":"Unique identifier to differentiate multiple HBAC policy service membership resources on the same HBAC policy. Manadatory for using services/servicegroups configurations.","description_kind":"markdown","optional":true},"name":{"type":"string","description":"HBAC policy name","description_kind":"markdown","required":true},"service":{"type":"string","description":"**deprecated** Service name the policy is applied t","description_kind":"markdown","deprecated":true,"optional":true},"servicegroup":{"type":"string","description":"**deprecated** Service group name the policy is applied to","description_kind":"markdown","deprecated":true,"optional":true},"servicegroups":{"type":["list","string"],"description":"List of service group name the policy is applied to","description_kind":"markdown","optional":true},"services":{"type":["list","string"],"description":"List of service name the policy is applied t","description_kind":"markdown","optional":true}},"description":"FreeIPA HBAC policy service membership resource","description_kind":"markdown"}},"freeipa_hbac_policy_user_membership":{"version":0,"block":{"attributes":{"group":{"type":"string","description":"**deprecated** User group to add to the HBAC policy","description_kind":"markdown","deprecated":true,"optional":true},"groups":{"type":["list","string"],"description":"List of user groups to add to the HBAC policy","description_kind":"markdown","optional":true},"id":{"type":"string","description":"ID of the resource","description_kind":"markdown","computed":true},"identifier":{"type":"string","description":"Unique identifier to differentiate multiple HBAC policy user membership resources on the same HBAC policy. Manadatory for using users/groups configurations.","description_kind":"markdown","optional":true},"name":{"type":"string","description":"HBAC policy name","description_kind":"markdown","required":true},"user":{"type":"string","description":"**deprecated** User FDQN the policy is applied to","description_kind":"markdown","deprecated":true,"optional":true},"users":{"type":["list","string"],"description":"List of user FQDNs to add to the HBAC policy","description_kind":"markdown","optional":true}},"description":"FreeIPA HBAC policy host membership resource","description_kind":"markdown"}},"freeipa_host":{"version":0,"block":{"attributes":{"assigned_idview":{"type":"string","description":"Assigned ID View","description_kind":"markdown","optional":true},"description":{"type":"string","description":"A description of this host","description_kind":"markdown","optional":true},"force":{"type":"bool","description":"Skip host's DNS check (A/AAAA) before adding it","description_kind":"markdown","optional":true},"generated_password":{"type":"string","description":"Generated random password created at host creation","description_kind":"markdown","computed":true,"sensitive":true},"id":{"type":"string","description":"ID of the resource","description_kind":"markdown","computed":true},"ip_address":{"type":"string","description":"IP address of the host","description_kind":"markdown","required":true},"ipasshpubkeys":{"type":["list","string"],"description":"SSH public keys","description_kind":"markdown","optional":true},"krb_auth_indicators":{"type":["list","string"],"description":"Defines a whitelist for Authentication Indicators. Use 'otp' to allow OTP-based 2FA authentications. Use 'radius' to allow RADIUS-based 2FA authentications. Other values may be used for custom configurations.","description_kind":"markdown","optional":true},"krb_preauth":{"type":"bool","description":"Pre-authentication is required for the service","description_kind":"markdown","optional":true},"locality":{"type":"string","description":"Host locality (e.g. 'Baltimore, MD')","description_kind":"markdown","optional":true},"location":{"type":"string","description":"Host location (e.g. 'Lab 2')","description_kind":"markdown","optional":true},"mac_addresses":{"type":["list","string"],"description":"Hardware MAC address(es) on this host","description_kind":"markdown","optional":true},"name":{"type":"string","description":"Host name","description_kind":"markdown","required":true},"operating_system":{"type":"string","description":"Host operating system and version (e.g. 'Fedora 40')","description_kind":"markdown","optional":true},"platform":{"type":"string","description":"Host hardware platform (e.g. 'Lenovo T61')","description_kind":"markdown","optional":true},"random_password":{"type":"bool","description":"Generate a random password to be used in bulk enrollment","description_kind":"markdown","optional":true},"trusted_for_delegation":{"type":"bool","description":"Client credentials may be delegated to the service","description_kind":"markdown","optional":true},"trusted_to_auth_as_delegate":{"type":"bool","description":"The service is allowed to authenticate on behalf of a client","description_kind":"markdown","optional":true},"user_certificates":{"type":["list","string"],"description":"Base-64 encoded host certificate","description_kind":"markdown","optional":true},"userclass":{"type":["list","string"],"description":"Host category (semantics placed on this attribute are for local interpretation)","description_kind":"markdown","optional":true},"userpassword":{"type":"string","description":"Password used in bulk enrollment","description_kind":"markdown","optional":true,"sensitive":true}},"description":"FreeIPA User resource","description_kind":"markdown"}},"freeipa_host_hostgroup_membership":{"version":0,"block":{"attributes":{"host":{"type":"string","description":"**deprecated** Host to add. Will be replaced by hosts.","description_kind":"markdown","deprecated":true,"optional":true},"hostgroup":{"type":"string","description":"**deprecated** Hostgroup to add. Will be replaced by hostgroups.","description_kind":"markdown","deprecated":true,"optional":true},"hostgroups":{"type":["list","string"],"description":"Hostgroups to add as hostgroup members","description_kind":"markdown","optional":true},"hosts":{"type":["list","string"],"description":"Hosts to add as hostgroup members","description_kind":"markdown","optional":true},"id":{"type":"string","description":"ID of the resource","description_kind":"markdown","computed":true},"identifier":{"type":"string","description":"Unique identifier to differentiate multiple hostgroup membership resources on the same hostgroup. Manadatory for using hosts/hostgroups configurations.","description_kind":"markdown","optional":true},"name":{"type":"string","description":"Hostgroup name","description_kind":"markdown","required":true}},"description":"FreeIPA User Group Membership resource","description_kind":"markdown"}},"freeipa_hostgroup":{"version":0,"block":{"attributes":{"description":{"type":"string","description":"Hostgroup Description","description_kind":"markdown","optional":true},"id":{"type":"string","description":"ID of the resource","description_kind":"markdown","computed":true},"name":{"type":"string","description":"Hostgroup name","description_kind":"markdown","required":true}},"description":"FreeIPA User Group resource","description_kind":"markdown"}},"freeipa_sudo_cmd":{"version":0,"block":{"attributes":{"description":{"type":"string","description":"Sudo command description","description_kind":"markdown","optional":true},"id":{"type":"string","description":"ID of the resource","description_kind":"markdown","computed":true},"name":{"type":"string","description":"Absolute path of the sudo command","description_kind":"markdown","required":true}},"description":"FreeIPA Sudo command resource","description_kind":"markdown"}},"freeipa_sudo_cmdgroup":{"version":0,"block":{"attributes":{"description":{"type":"string","description":"Sudo command group description","description_kind":"markdown","optional":true},"id":{"type":"string","description":"ID of the resource","description_kind":"markdown","computed":true},"name":{"type":"string","description":"Name of the sudo command group","description_kind":"markdown","required":true}},"description":"FreeIPA Sudo command group resource","description_kind":"markdown"}},"freeipa_sudo_cmdgroup_membership":{"version":0,"block":{"attributes":{"id":{"type":"string","description":"ID of the resource","description_kind":"markdown","computed":true},"identifier":{"type":"string","description":"Unique identifier to differentiate multiple sudo command group membership resources on the same sudo command group. Manadatory for using sudocmds configurations.","description_kind":"markdown","optional":true},"name":{"type":"string","description":"Name of the sudo command group","description_kind":"markdown","required":true},"sudocmd":{"type":"string","description":"**deprecated** Sudo command to add as a member","description_kind":"markdown","deprecated":true,"optional":true},"sudocmds":{"type":["list","string"],"description":"List of sudo command to add as a member","description_kind":"markdown","optional":true}},"description":"FreeIPA Sudo command group membership resource","description_kind":"markdown"}},"freeipa_sudo_rule":{"version":0,"block":{"attributes":{"commandcategory":{"type":"string","description":"Command category the sudo rule is applied to (allowed value: all)","description_kind":"markdown","optional":true},"description":{"type":"string","description":"Sudo rule description","description_kind":"markdown","optional":true},"enabled":{"type":"bool","description":"Enable this sudo rule","description_kind":"markdown","optional":true,"computed":true},"hostcategory":{"type":"string","description":"Host category the sudo rule is applied to (allowed value: all)","description_kind":"markdown","optional":true},"id":{"type":"string","description":"ID of the resource","description_kind":"markdown","computed":true},"name":{"type":"string","description":"Name of the sudo rule","description_kind":"markdown","required":true},"order":{"type":"number","description":"Sudo rule order (must be unique)","description_kind":"markdown","optional":true},"runasgroupcategory":{"type":"string","description":"Run as group category the sudo rule is applied to (allowed value: all)","description_kind":"markdown","optional":true},"runasusercategory":{"type":"string","description":"Run as user category the sudo rule is applied to (allowed value: all)","description_kind":"markdown","optional":true},"usercategory":{"type":"string","description":"User category the sudo rule is applied to (allowed value: all)","description_kind":"markdown","optional":true}},"description":"FreeIPA Sudo rule resource","description_kind":"markdown"}},"freeipa_sudo_rule_allowcmd_membership":{"version":0,"block":{"attributes":{"id":{"type":"string","description":"ID of the resource","description_kind":"markdown","computed":true},"identifier":{"type":"string","description":"Unique identifier to differentiate multiple sudo rule denied membership resources on the same sudo rule. Manadatory for using sudocmds/sudocmd_groups configurations.","description_kind":"markdown","optional":true},"name":{"type":"string","description":"Sudo rule name","description_kind":"markdown","required":true},"sudocmd":{"type":"string","description":"**deprecated** Sudo command to allow by the sudo rule","description_kind":"markdown","deprecated":true,"optional":true},"sudocmd_group":{"type":"string","description":"**deprecated** Sudo command group to allow by the sudo rule","description_kind":"markdown","deprecated":true,"optional":true},"sudocmd_groups":{"type":["list","string"],"description":"List of sudo command group to allow by the sudo rule","description_kind":"markdown","optional":true},"sudocmds":{"type":["list","string"],"description":"List of Sudo command to allow by the sudo rule","description_kind":"markdown","optional":true}},"description":"FreeIPA Sudo rule allow command membership resource","description_kind":"markdown"}},"freeipa_sudo_rule_denycmd_membership":{"version":0,"block":{"attributes":{"id":{"type":"string","description":"ID of the resource","description_kind":"markdown","computed":true},"identifier":{"type":"string","description":"Unique identifier to differentiate multiple sudo rule allowed membership resources on the same sudo rule. Manadatory for using sudocmds/sudocmd_groups configurations.","description_kind":"markdown","optional":true},"name":{"type":"string","description":"Sudo rule name","description_kind":"markdown","required":true},"sudocmd":{"type":"string","description":"**deprecated** Sudo command to deny by the sudo rule","description_kind":"markdown","deprecated":true,"optional":true},"sudocmd_group":{"type":"string","description":"**deprecated** Sudo command group to deny by the sudo rule","description_kind":"markdown","deprecated":true,"optional":true},"sudocmd_groups":{"type":["list","string"],"description":"List of sudo command group to deny by the sudo rule","description_kind":"markdown","optional":true},"sudocmds":{"type":["list","string"],"description":"List of Sudo command to deny by the sudo rule","description_kind":"markdown","optional":true}},"description":"FreeIPA Sudo rule deny command membership resource","description_kind":"markdown"}},"freeipa_sudo_rule_host_membership":{"version":0,"block":{"attributes":{"host":{"type":"string","description":"**deprecated** Host to add to the sudo rule","description_kind":"markdown","deprecated":true,"optional":true},"hostgroup":{"type":"string","description":"**deprecated** Hostgroup to add to the sudo rule","description_kind":"markdown","deprecated":true,"optional":true},"hostgroups":{"type":["list","string"],"description":"List of hostgroups to add to the sudo rule","description_kind":"markdown","optional":true},"hosts":{"type":["list","string"],"description":"List of hosts to add to the sudo rule","description_kind":"markdown","optional":true},"id":{"type":"string","description":"ID of the resource","description_kind":"markdown","computed":true},"identifier":{"type":"string","description":"Unique identifier to differentiate multiple sudo rule host membership resources on the same sudo rule. Manadatory for using hosts/hostgroups configurations.","description_kind":"markdown","optional":true},"name":{"type":"string","description":"Sudo rule name","description_kind":"markdown","required":true}},"description":"FreeIPA Sudo rule host membership resource","description_kind":"markdown"}},"freeipa_sudo_rule_option":{"version":0,"block":{"attributes":{"id":{"type":"string","description":"ID of the resource","description_kind":"markdown","computed":true},"name":{"type":"string","description":"Sudo rule name","description_kind":"markdown","required":true},"option":{"type":"string","description":"Sudo option to add to the sudo rule.","description_kind":"markdown","required":true}},"description":"FreeIPA Sudo rule option resource","description_kind":"markdown"}},"freeipa_sudo_rule_runasgroup_membership":{"version":0,"block":{"attributes":{"id":{"type":"string","description":"ID of the resource","description_kind":"markdown","computed":true},"identifier":{"type":"string","description":"Unique identifier to differentiate multiple sudo rule runasgroup membership resources on the same sudo rule. Manadatory for using runasgroups configurations.","description_kind":"markdown","optional":true},"name":{"type":"string","description":"Sudo rule name","description_kind":"markdown","required":true},"runasgroup":{"type":"string","description":"**deprecated** Run As Group to add to the sudo rule. Can be an external group (local group of ipa clients)","description_kind":"markdown","deprecated":true,"optional":true},"runasgroups":{"type":["list","string"],"description":"List of Run As Group to add to the sudo rule. Can be an external group (local group of ipa clients)","description_kind":"markdown","optional":true}},"description":"FreeIPA Sudo rule run as group membership resource","description_kind":"markdown"}},"freeipa_sudo_rule_runasuser_membership":{"version":0,"block":{"attributes":{"id":{"type":"string","description":"ID of the resource","description_kind":"markdown","computed":true},"identifier":{"type":"string","description":"Unique identifier to differentiate multiple sudo rule runasuser membership resources on the same sudo rule. Manadatory for using runasusers configurations.","description_kind":"markdown","optional":true},"name":{"type":"string","description":"Sudo rule name","description_kind":"markdown","required":true},"runasuser":{"type":"string","description":"**deprecated** Run As User to add to the sudo rule. Can be an external user (local user of ipa clients)","description_kind":"markdown","deprecated":true,"optional":true},"runasusers":{"type":["list","string"],"description":"List of Run As User to add to the sudo rule. Can be an external user (local user of ipa clients)","description_kind":"markdown","optional":true}},"description":"FreeIPA Sudo rule run as user membership resource","description_kind":"markdown"}},"freeipa_sudo_rule_user_membership":{"version":0,"block":{"attributes":{"group":{"type":"string","description":"**deprecated** User group to add to the sudo rule","description_kind":"markdown","deprecated":true,"optional":true},"groups":{"type":["list","string"],"description":"List of user groups to add to the sudo rule","description_kind":"markdown","optional":true},"id":{"type":"string","description":"ID of the resource","description_kind":"markdown","computed":true},"identifier":{"type":"string","description":"Unique identifier to differentiate multiple sudo rule user membership resources on the same sudo rule. Manadatory for using users/groups configurations.","description_kind":"markdown","optional":true},"name":{"type":"string","description":"Sudo rule name","description_kind":"markdown","required":true},"user":{"type":"string","description":"**deprecated** User to add to the sudo rule","description_kind":"markdown","deprecated":true,"optional":true},"users":{"type":["list","string"],"description":"List of users to add to the sudo rule","description_kind":"markdown","optional":true}},"description":"FreeIPA Sudo rule user membership resource","description_kind":"markdown"}},"freeipa_user":{"version":0,"block":{"attributes":{"account_disabled":{"type":"bool","description":"Account disabled","description_kind":"markdown","optional":true},"car_license":{"type":["list","string"],"description":"Car Licenses","description_kind":"markdown","optional":true},"city":{"type":"string","description":"City","description_kind":"markdown","optional":true},"display_name":{"type":"string","description":"Display name","description_kind":"markdown","optional":true},"email_address":{"type":["list","string"],"description":"Email address","description_kind":"markdown","optional":true},"employee_number":{"type":"string","description":"Employee Number","description_kind":"markdown","optional":true},"employee_type":{"type":"string","description":"Employee Type","description_kind":"markdown","optional":true},"first_name":{"type":"string","description":"First name","description_kind":"markdown","required":true},"full_name":{"type":"string","description":"Full name","description_kind":"markdown","optional":true},"gecos":{"type":"string","description":"GECOS","description_kind":"markdown","optional":true},"gid_number":{"type":"number","description":"Group ID Number","description_kind":"markdown","optional":true},"home_directory":{"type":"string","description":"Home Directory","description_kind":"markdown","optional":true},"id":{"type":"string","description":"ID of the resource","description_kind":"markdown","computed":true},"initials":{"type":"string","description":"Initials","description_kind":"markdown","optional":true},"job_title":{"type":"string","description":"Job Title","description_kind":"markdown","optional":true},"krb_password_expiration":{"type":"string","description":"User password expiration [RFC3339](https://datatracker.ietf.org/doc/html/rfc3339#section-5.8) format (see [RFC3339 time string](https://tools.ietf.org/html/rfc3339#section-5.8) e.g., `YYYY-MM-DDTHH:MM:SSZ`)","description_kind":"markdown","optional":true},"krb_principal_expiration":{"type":"string","description":"Kerberos principal expiration [RFC3339](https://datatracker.ietf.org/doc/html/rfc3339#section-5.8) format (see [RFC3339 time string](https://tools.ietf.org/html/rfc3339#section-5.8) e.g., `YYYY-MM-DDTHH:MM:SSZ`)","description_kind":"markdown","optional":true},"krb_principal_name":{"type":["list","string"],"description":"Principal alias","description_kind":"markdown","optional":true},"last_name":{"type":"string","description":"Last name","description_kind":"markdown","required":true},"login_shell":{"type":"string","description":"Login Shell","description_kind":"markdown","optional":true},"manager":{"type":"string","description":"Manager","description_kind":"markdown","optional":true},"mobile_numbers":{"type":["list","string"],"description":"Mobile Number","description_kind":"markdown","optional":true},"name":{"type":"string","description":"UID or login","description_kind":"markdown","required":true},"organisation_unit":{"type":"string","description":"Org. Unit","description_kind":"markdown","optional":true},"postal_code":{"type":"string","description":"Postal code","description_kind":"markdown","optional":true},"preferred_language":{"type":"string","description":"Preferred Language","description_kind":"markdown","optional":true},"province":{"type":"string","description":"Province/State/Country","description_kind":"markdown","optional":true},"random_password":{"type":"bool","description":"Generate a random user password","description_kind":"markdown","optional":true},"ssh_public_key":{"type":["list","string"],"description":"List of SSH public keys","description_kind":"markdown","optional":true},"street_address":{"type":"string","description":"Street address","description_kind":"markdown","optional":true},"telephone_numbers":{"type":["list","string"],"description":"Telephone Number","description_kind":"markdown","optional":true},"uid_number":{"type":"number","description":"User ID Number (system will assign one if not provided)","description_kind":"markdown","optional":true},"userclass":{"type":["list","string"],"description":"User category (semantics placed on this attribute are for local interpretation)","description_kind":"markdown","optional":true},"userpassword":{"type":"string","description":"Prompt to set the user password","description_kind":"markdown","optional":true,"sensitive":true}},"description":"FreeIPA User resource","description_kind":"markdown"}},"freeipa_user_group_membership":{"version":0,"block":{"attributes":{"external_member":{"type":"string","description":"**deprecated** External member to add. name must refer to an external group. (Requires a valid AD Trust configuration).. Will be replaced by external_members.","description_kind":"markdown","deprecated":true,"optional":true},"external_members":{"type":["list","string"],"description":"External members to add as group members. name must refer to an external group. (Requires a valid AD Trust configuration).","description_kind":"markdown","optional":true},"group":{"type":"string","description":"**deprecated** User group to add. Will be replaced by groups.","description_kind":"markdown","deprecated":true,"optional":true},"groups":{"type":["list","string"],"description":"User groups to add as group members","description_kind":"markdown","optional":true},"id":{"type":"string","description":"ID of the resource","description_kind":"markdown","computed":true},"identifier":{"type":"string","description":"Unique identifier to differentiate multiple user group membership resources on the same group. Manadatory for using users/groups/external_members configurations.","description_kind":"markdown","optional":true},"name":{"type":"string","description":"Group name","description_kind":"markdown","required":true},"user":{"type":"string","description":"**deprecated** User to add. Will be replaced by users.","description_kind":"markdown","deprecated":true,"optional":true},"users":{"type":["list","string"],"description":"Users to add as group members","description_kind":"markdown","optional":true}},"description":"FreeIPA User Group Membership resource","description_kind":"markdown"}}},"data_source_schemas":{"freeipa_dns_record":{"version":0,"block":{"attributes":{"id":{"type":"string","description":"ID of the resource","description_kind":"markdown","computed":true},"record_name":{"type":"string","description":"Record name","description_kind":"markdown","required":true},"zone_name":{"type":"string","description":"Zone name (FQDN)","description_kind":"markdown","required":true}},"description":"FreeIPA DNS Record data source","description_kind":"markdown"}},"freeipa_dns_zone":{"version":0,"block":{"attributes":{"admin_email_address":{"type":"string","description":"Administrator e-mail address","description_kind":"markdown","computed":true},"allow_inline_dnssec_signing":{"type":"bool","description":"Allow inline DNSSEC signing of records in the zone","description_kind":"markdown","computed":true},"allow_prt_sync":{"type":"bool","description":"Allow synchronization of forward (A, AAAA) and reverse (PTR) records in the zone","description_kind":"markdown","computed":true},"allow_query":{"type":"string","description":"Semicolon separated list of IP addresses or networks which are allowed to issue queries","description_kind":"markdown","computed":true},"allow_transfer":{"type":"string","description":"Semicolon separated list of IP addresses or networks which are allowed to transfer the zone","description_kind":"markdown","computed":true},"authoritative_nameserver":{"type":"string","description":"Authoritative nameserver domain name","description_kind":"markdown","computed":true},"bind_update_policy":{"type":"string","description":"BIND update policy","description_kind":"markdown","computed":true},"default_ttl":{"type":"number","description":"Time to live for records without explicit TTL definition","description_kind":"markdown","computed":true},"disable_zone":{"type":"bool","description":"Allow disabled the zone","description_kind":"markdown","computed":true},"dynamic_updates":{"type":"bool","description":"Allow dynamic updates","description_kind":"markdown","computed":true},"id":{"type":"string","description":"ID of the resource","description_kind":"markdown","computed":true},"nsec3param_record":{"type":"string","description":"NSEC3PARAM record for zone in format: hash_algorithm flags iterations salt","description_kind":"markdown","computed":true},"skip_nameserver_check":{"type":"bool","description":"Force DNS zone creation even if nameserver is not resolvable","description_kind":"markdown","computed":true},"skip_overlap_check":{"type":"bool","description":"Force DNS zone creation even if it will overlap with an existing zone","description_kind":"markdown","computed":true},"soa_expire":{"type":"number","description":"SOA record expire time","description_kind":"markdown","computed":true},"soa_minimum":{"type":"number","description":"How long should negative responses be cached","description_kind":"markdown","computed":true},"soa_refresh":{"type":"number","description":"SOA record refresh time","description_kind":"markdown","computed":true},"soa_retry":{"type":"number","description":"SOA record retry time","description_kind":"markdown","computed":true},"soa_serial_number":{"type":"number","description":"SOA record serial number","description_kind":"markdown","computed":true},"ttl":{"type":"number","description":"Time to live for records at zone apex","description_kind":"markdown","computed":true},"zone_forwarders":{"type":["list","string"],"description":"Per-zone forwarders. A custom port can be specified for each forwarder using a standard format IP_ADDRESS port PORT","description_kind":"markdown","computed":true},"zone_name":{"type":"string","description":"Zone name (FQDN)","description_kind":"markdown","required":true}},"description":"FreeIPA DNS Zone resource","description_kind":"markdown"}},"freeipa_group":{"version":0,"block":{"attributes":{"description":{"type":"string","description":"Group Description","description_kind":"markdown","computed":true},"gid_number":{"type":"number","description":"GID (use this option to set it manually)","description_kind":"markdown","computed":true},"id":{"type":"string","description":"ID of the resource in the terraform state","description_kind":"markdown","computed":true},"member_external":{"type":["list","string"],"description":"List of external users (from trusted domain) that are member of this group.","description_kind":"markdown","computed":true},"member_group":{"type":["list","string"],"description":"List of groups that are member of this group.","description_kind":"markdown","computed":true},"member_indirect_group":{"type":["list","string"],"description":"List of groups that are is indirectly member of this group.","description_kind":"markdown","computed":true},"member_indirect_user":{"type":["list","string"],"description":"List of users that are is indirectly member of this group.","description_kind":"markdown","computed":true},"member_user":{"type":["list","string"],"description":"List of users that are member of this group.","description_kind":"markdown","computed":true},"memberof_group":{"type":["list","string"],"description":"List of groups this group is member of.","description_kind":"markdown","computed":true},"memberof_hbacrule":{"type":["list","string"],"description":"List of HBAC rules this group is member of.","description_kind":"markdown","computed":true},"memberof_indirect_group":{"type":["list","string"],"description":"List of groups this group is is indirectly member of.","description_kind":"markdown","computed":true},"memberof_indirect_hbacrule":{"type":["list","string"],"description":"List of HBAC rules this group is indirectly member of.","description_kind":"markdown","computed":true},"memberof_indirect_sudorule":{"type":["list","string"],"description":"List of SUDO rules this group is is indirectly member of.","description_kind":"markdown","computed":true},"memberof_sudorule":{"type":["list","string"],"description":"List of SUDO rules this group is member of.","description_kind":"markdown","computed":true},"name":{"type":"string","description":"Group name","description_kind":"markdown","required":true}},"description":"FreeIPA User Group data source","description_kind":"markdown"}},"freeipa_hbac_policy":{"version":0,"block":{"attributes":{"description":{"type":"string","description":"Description of the hbac policy","description_kind":"markdown","computed":true},"enabled":{"type":"bool","description":"Enable this hbac policy","description_kind":"markdown","computed":true},"hostcategory":{"type":"string","description":"Host category the hbac policy is applied to (allowed value: all)","description_kind":"markdown","computed":true},"id":{"type":"string","description":"ID of the resource in the terraform state","description_kind":"markdown","computed":true},"member_group":{"type":["list","string"],"description":"List of user groups member of this hbac policy.","description_kind":"markdown","computed":true},"member_host":{"type":["list","string"],"description":"List of hosts member of this hbac policy.","description_kind":"markdown","computed":true},"member_hostgroup":{"type":["list","string"],"description":"List of host groups member of this hbac policy.","description_kind":"markdown","computed":true},"member_service":{"type":["list","string"],"description":"List of services member of this hbac policy.","description_kind":"markdown","computed":true},"member_servicegroup":{"type":["list","string"],"description":"List of service groups member of this hbac policy.","description_kind":"markdown","computed":true},"member_user":{"type":["list","string"],"description":"List of users member of this hbac policy.","description_kind":"markdown","computed":true},"name":{"type":"string","description":"Name of the hbac policy","description_kind":"markdown","required":true},"servicecategory":{"type":"string","description":"Command category the hbac policy is applied to (allowed value: all)","description_kind":"markdown","computed":true},"usercategory":{"type":"string","description":"User category the hbac policy is applied to (allowed value: all)","description_kind":"markdown","computed":true}},"description":"FreeIPA User hbac policy data source","description_kind":"markdown"}},"freeipa_host":{"version":0,"block":{"attributes":{"assigned_idview":{"type":"string","description":"Assigned ID View","description_kind":"markdown","computed":true},"description":{"type":"string","description":"A description of this host","description_kind":"markdown","computed":true},"id":{"type":"string","description":"ID of the resource in the terraform state","description_kind":"markdown","computed":true},"ipasshpubkeys":{"type":["list","string"],"description":"SSH public keys","description_kind":"markdown","computed":true},"krb_auth_indicators":{"type":["list","string"],"description":"Defines a whitelist for Authentication Indicators. Use 'otp' to allow OTP-based 2FA authentications. Use 'radius' to allow RADIUS-based 2FA authentications. Other values may be used for custom configurations.","description_kind":"markdown","computed":true},"krb_preauth":{"type":"bool","description":"Pre-authentication is required for the service","description_kind":"markdown","computed":true},"locality":{"type":"string","description":"Host locality (e.g. 'Baltimore, MD')","description_kind":"markdown","computed":true},"location":{"type":"string","description":"Host location (e.g. 'Lab 2')","description_kind":"markdown","computed":true},"mac_addresses":{"type":["list","string"],"description":"Hardware MAC address(es) on this host","description_kind":"markdown","computed":true},"memberof_hbacrule":{"type":["list","string"],"description":"List of HBAC rules this user is member of.","description_kind":"markdown","computed":true},"memberof_hostgroup":{"type":["list","string"],"description":"List of hostgroups this user is member of.","description_kind":"markdown","computed":true},"memberof_indirect_hbacrule":{"type":["list","string"],"description":"List of HBAC rules this user is indirectly member of.","description_kind":"markdown","computed":true},"memberof_indirect_hostgroup":{"type":["list","string"],"description":"List of hostgroups this user is is indirectly member of.","description_kind":"markdown","computed":true},"memberof_indirect_sudorule":{"type":["list","string"],"description":"List of SUDO rules this user is is indirectly member of.","description_kind":"markdown","computed":true},"memberof_sudorule":{"type":["list","string"],"description":"List of SUDO rules this user is member of.","description_kind":"markdown","computed":true},"name":{"type":"string","description":"Host name","description_kind":"markdown","required":true},"operating_system":{"type":"string","description":"Host operating system and version (e.g. 'Fedora 40')","description_kind":"markdown","computed":true},"platform":{"type":"string","description":"Host hardware platform (e.g. 'Lenovo T61')","description_kind":"markdown","computed":true},"trusted_for_delegation":{"type":"bool","description":"Client credentials may be delegated to the service","description_kind":"markdown","optional":true},"trusted_to_auth_as_delegate":{"type":"bool","description":"The service is allowed to authenticate on behalf of a client","description_kind":"markdown","computed":true},"user_certificates":{"type":["list","string"],"description":"Base-64 encoded host certificate","description_kind":"markdown","computed":true},"userclass":{"type":["list","string"],"description":"Host category (semantics placed on this attribute are for local interpretation)","description_kind":"markdown","computed":true}},"description":"FreeIPA Host data source","description_kind":"markdown"}},"freeipa_hostgroup":{"version":0,"block":{"attributes":{"description":{"type":"string","description":"Hostgroup Description","description_kind":"markdown","computed":true},"id":{"type":"string","description":"ID of the resource in the terraform state","description_kind":"markdown","computed":true},"member_host":{"type":["list","string"],"description":"List of hosts that are member of this hostgroup.","description_kind":"markdown","computed":true},"member_hostgroup":{"type":["list","string"],"description":"List of hostgroups that are member of this hostgroup.","description_kind":"markdown","computed":true},"member_indirect_host":{"type":["list","string"],"description":"List of hosts that are is indirectly member of this hostgroup.","description_kind":"markdown","computed":true},"member_indirect_hostgroup":{"type":["list","string"],"description":"List of hostgroups that are is indirectly member of this hostgroup.","description_kind":"markdown","computed":true},"memberof_hbacrule":{"type":["list","string"],"description":"List of HBAC rules this hostgroup is member of.","description_kind":"markdown","computed":true},"memberof_hostgroup":{"type":["list","string"],"description":"List of hostgroups this hostgroup is member of.","description_kind":"markdown","computed":true},"memberof_indirect_hbacrule":{"type":["list","string"],"description":"List of HBAC rules this hostgroup is indirectly member of.","description_kind":"markdown","computed":true},"memberof_indirect_hostgroup":{"type":["list","string"],"description":"List of hostgroups this hostgroup is is indirectly member of.","description_kind":"markdown","computed":true},"memberof_indirect_sudorule":{"type":["list","string"],"description":"List of SUDO rules this hostgroup is is indirectly member of.","description_kind":"markdown","computed":true},"memberof_sudorule":{"type":["list","string"],"description":"List of SUDO rules this hostgroup is member of.","description_kind":"markdown","computed":true},"name":{"type":"string","description":"Hostgroup name","description_kind":"markdown","required":true}},"description":"FreeIPA User Group data source","description_kind":"markdown"}},"freeipa_sudo_cmdgroup":{"version":0,"block":{"attributes":{"description":{"type":"string","description":"Description of the sudo command group","description_kind":"markdown","computed":true},"id":{"type":"string","description":"ID of the resource in the terraform state","description_kind":"markdown","computed":true},"member_sudocmd":{"type":["list","string"],"description":"List of sudo commands that are member of the sudo command group","description_kind":"markdown","computed":true},"name":{"type":"string","description":"Name of the sudo command group","description_kind":"markdown","required":true}},"description":"FreeIPA User sudo command group data source","description_kind":"markdown"}},"freeipa_sudo_rule":{"version":0,"block":{"attributes":{"commandcategory":{"type":"string","description":"Command category the sudo rule is applied to (allowed value: all)","description_kind":"markdown","computed":true},"description":{"type":"string","description":"Description of the sudo rule","description_kind":"markdown","computed":true},"enabled":{"type":"bool","description":"Enable this sudo rule","description_kind":"markdown","computed":true},"hostcategory":{"type":"string","description":"Host category the sudo rule is applied to (allowed value: all)","description_kind":"markdown","computed":true},"id":{"type":"string","description":"ID of the resource in the terraform state","description_kind":"markdown","computed":true},"member_allow_sudo_cmd":{"type":["list","string"],"description":"List of allowed sudo commands member of this sudo rule.","description_kind":"markdown","computed":true},"member_allow_sudo_cmdgroup":{"type":["list","string"],"description":"List of allowed sudo command groups member of this sudo rule.","description_kind":"markdown","computed":true},"member_deny_sudo_cmd":{"type":["list","string"],"description":"List of denied sudo commands member of this sudo rule.","description_kind":"markdown","computed":true},"member_deny_sudo_cmdgroup":{"type":["list","string"],"description":"List of denied sudo command groups member of this sudo rule.","description_kind":"markdown","computed":true},"member_group":{"type":["list","string"],"description":"List of user groups member of this sudo rule.","description_kind":"markdown","computed":true},"member_host":{"type":["list","string"],"description":"List of hosts member of this sudo rule.","description_kind":"markdown","computed":true},"member_hostgroup":{"type":["list","string"],"description":"List of host groups member of this sudo rule.","description_kind":"markdown","computed":true},"member_user":{"type":["list","string"],"description":"List of users member of this sudo rule.","description_kind":"markdown","computed":true},"name":{"type":"string","description":"Name of the sudo rule","description_kind":"markdown","required":true},"option":{"type":["list","string"],"description":"List of options defined for this sudo rule.","description_kind":"markdown","computed":true},"order":{"type":"number","description":"Sudo rule order (must be unique)","description_kind":"markdown","computed":true},"runasgroup":{"type":["list","string"],"description":"List of groups authorised to be run as.","description_kind":"markdown","computed":true},"runasgroupcategory":{"type":"string","description":"Run as group category the sudo rule is applied to (allowed value: all)","description_kind":"markdown","computed":true},"runasuser":{"type":["list","string"],"description":"List of users authorised to be run as.","description_kind":"markdown","computed":true},"runasusercategory":{"type":"string","description":"Run as user category the sudo rule is applied to (allowed value: all)","description_kind":"markdown","computed":true},"usercategory":{"type":"string","description":"User category the sudo rule is applied to (allowed value: all)","description_kind":"markdown","computed":true}},"description":"FreeIPA User sudo rule data source","description_kind":"markdown"}},"freeipa_user":{"version":0,"block":{"attributes":{"account_disabled":{"type":"bool","description":"Account disabled","description_kind":"markdown","computed":true},"car_license":{"type":["list","string"],"description":"Car Licenses","description_kind":"markdown","computed":true},"city":{"type":"string","description":"City","description_kind":"markdown","computed":true},"display_name":{"type":"string","description":"Display name","description_kind":"markdown","computed":true},"email_address":{"type":["list","string"],"description":"Email address","description_kind":"markdown","computed":true},"employee_number":{"type":"string","description":"Employee Number","description_kind":"markdown","computed":true},"employee_type":{"type":"string","description":"Employee Type","description_kind":"markdown","computed":true},"first_name":{"type":"string","description":"First name","description_kind":"markdown","computed":true},"full_name":{"type":"string","description":"Full name","description_kind":"markdown","computed":true},"gecos":{"type":"string","description":"GECOS","description_kind":"markdown","computed":true},"gid_number":{"type":"number","description":"Group ID Number","description_kind":"markdown","computed":true},"home_directory":{"type":"string","description":"Home Directory","description_kind":"markdown","computed":true},"id":{"type":"string","description":"ID of the resource in the terraform state","description_kind":"markdown","computed":true},"initials":{"type":"string","description":"Initials","description_kind":"markdown","computed":true},"job_title":{"type":"string","description":"Job Title","description_kind":"markdown","computed":true},"krb_password_expiration":{"type":"string","description":"User password expiration [RFC3339](https://datatracker.ietf.org/doc/html/rfc3339#section-5.8) format (see [RFC3339 time string](https://tools.ietf.org/html/rfc3339#section-5.8) e.g., `YYYY-MM-DDTHH:MM:SSZ`)","description_kind":"markdown","computed":true},"krb_principal_expiration":{"type":"string","description":"Kerberos principal expiration [RFC3339](https://datatracker.ietf.org/doc/html/rfc3339#section-5.8) format (see [RFC3339 time string](https://tools.ietf.org/html/rfc3339#section-5.8) e.g., `YYYY-MM-DDTHH:MM:SSZ`)","description_kind":"markdown","computed":true},"krb_principal_name":{"type":["list","string"],"description":"Principal alias","description_kind":"markdown","computed":true},"last_name":{"type":"string","description":"Last name","description_kind":"markdown","computed":true},"login_shell":{"type":"string","description":"Login Shell","description_kind":"markdown","computed":true},"manager":{"type":"string","description":"Manager","description_kind":"markdown","computed":true},"memberof_group":{"type":["list","string"],"description":"List of groups this user is member of.","description_kind":"markdown","computed":true},"memberof_hbacrule":{"type":["list","string"],"description":"List of HBAC rules this user is member of.","description_kind":"markdown","computed":true},"memberof_indirect_group":{"type":["list","string"],"description":"List of groups this user is is indirectly member of.","description_kind":"markdown","computed":true},"memberof_indirect_hbacrule":{"type":["list","string"],"description":"List of HBAC rules this user is indirectly member of.","description_kind":"markdown","computed":true},"memberof_indirect_sudorule":{"type":["list","string"],"description":"List of SUDO rules this user is is indirectly member of.","description_kind":"markdown","computed":true},"memberof_sudorule":{"type":["list","string"],"description":"List of SUDO rules this user is member of.","description_kind":"markdown","computed":true},"mobile_numbers":{"type":["list","string"],"description":"Mobile Number","description_kind":"markdown","computed":true},"name":{"type":"string","description":"UID or login","description_kind":"markdown","required":true},"organisation_unit":{"type":"string","description":"Org. Unit","description_kind":"markdown","computed":true},"postal_code":{"type":"string","description":"Postal code","description_kind":"markdown","computed":true},"preferred_language":{"type":"string","description":"Preferred Language","description_kind":"markdown","computed":true},"province":{"type":"string","description":"Province/State/Country","description_kind":"markdown","computed":true},"random_password":{"type":"bool","description":"Generate a random user password","description_kind":"markdown","computed":true},"ssh_public_key":{"type":["list","string"],"description":"List of SSH public keys","description_kind":"markdown","computed":true},"street_address":{"type":"string","description":"Street address","description_kind":"markdown","computed":true},"telephone_numbers":{"type":["list","string"],"description":"Telephone Number","description_kind":"markdown","computed":true},"uid_number":{"type":"number","description":"User ID Number (system will assign one if not provided)","description_kind":"markdown","computed":true},"userclass":{"type":["list","string"],"description":"User category (semantics placed on this attribute are for local interpretation)","description_kind":"markdown","computed":true}},"description":"FreeIPA User data source","description_kind":"markdown"}}}}}}
